
Microsoft Visual Studio Solution File, Format Version 12.00
# Visual Studio Version 16
VisualStudioVersion = 16.0.30503.244
MinimumVisualStudioVersion = 10.0.40219.1
Project("{FAE04EC0-301F-11D3-BF4B-00C04F79EFBC}") = "agenda", "agenda\agenda.csproj", "{17A1FEBF-A612-4DFC-BABD-6AFCF883F48B}"
EndProject
Global
	GlobalSection(SolutionConfigurationPlatforms) = preSolution
		Debug|Any CPU = Debug|Any CPU
		Release|Any CPU = Release|Any CPU
	EndGlobalSection
	GlobalSection(ProjectConfigurationPlatforms) = postSolution
		{17A1FEBF-A612-4DFC-BABD-6AFCF883F48B}.Debug|Any CPU.ActiveCfg = Debug|Any CPU
		{17A1FEBF-A612-4DFC-BABD-6AFCF883F48B}.Debug|Any CPU.Build.0 = Debug|Any CPU
		{17A1FEBF-A612-4DFC-BABD-6AFCF883F48B}.Release|Any CPU.ActiveCfg = Release|Any CPU
		{17A1FEBF-A612-4DFC-BABD-6AFCF883F48B}.Release|Any CPU.Build.0 = Release|Any CPU
	EndGlobalSection
	GlobalSection(SolutionProperties) = preSolution
		HideSolutionNode = FALSE
	EndGlobalSection
	GlobalSection(ExtensibilityGlobals) = postSolution
		SolutionGuid = {5BBD9982-CF3C-41F0-88BE-0DA2125D2D3C}
	EndGlobalSection
EndGlobal
